
Microsoft Visual Studio Solution File, Format Version 12.00
# Visual Studio Version 16
VisualStudioVersion = 25.0.1705.4
MinimumVisualStudioVersion = 10.0.40219.1
Project("{FAE04EC0-301F-11D3-BF4B-00C04F79EFBC}") = "RestuarantProjectMVC", "RestuarantProjectMVC\RestuarantProjectMVC.csproj", "{670B0CE1-0D43-4942-AAB9-FFE33B4208BE}"
EndProject
Global
	GlobalSection(SolutionConfigurationPlatforms) = preSolution
		Debug|Any CPU = Debug|Any CPU
		Release|Any CPU = Release|Any CPU
	EndGlobalSection
	GlobalSection(ProjectConfigurationPlatforms) = postSolution
		{670B0CE1-0D43-4942-AAB9-FFE33B4208BE}.Debug|Any CPU.ActiveCfg = Debug|Any CPU
		{670B0CE1-0D43-4942-AAB9-FFE33B4208BE}.Debug|Any CPU.Build.0 = Debug|Any CPU
		{670B0CE1-0D43-4942-AAB9-FFE33B4208BE}.Release|Any CPU.ActiveCfg = Release|Any CPU
		{670B0CE1-0D43-4942-AAB9-FFE33B4208BE}.Release|Any CPU.Build.0 = Release|Any CPU
	EndGlobalSection
	GlobalSection(SolutionProperties) = preSolution
		HideSolutionNode = FALSE
	EndGlobalSection
	GlobalSection(ExtensibilityGlobals) = postSolution
		SolutionGuid = {BD43D943-CB6D-4E12-8508-87CCB9FC6142}
	EndGlobalSection
EndGlobal
